<?xml version="1.0" encoding="utf-8"?>
<Project ToolsVersion="4.0" xmlns="http://schemas.microsoft.com/developer/msbuild/2003">
  <ItemGroup>
    <Filter Include="Source Files">
      <UniqueIdentifier>{4FC737F1-C7A5-4376-A066-2A32D752A2FF}</UniqueIdentifier>
      <Extensions>cpp;c;cc;cxx;def;odl;idl;hpj;bat;asm;asmx</Extensions>
    </Filter>
    <Filter Include="Resource Files">
      <UniqueIdentifier>{67DA6AB6-F800-4c08-8B7A-83BB121AAD01}</UniqueIdentifier>
      <Extensions>rc;ico;cur;bmp;dlg;rc2;rct;bin;rgs;gif;jpg;jpeg;jpe;resx;tiff;tif;png;wav;mfcribbon-ms</Extensions>
    </Filter>
  </ItemGroup>
  <ItemGroup>
    <ClCompile Include="harness.cpp">
      <Filter>Source Files</Filter>
    </ClCompile>
    <ClCompile Include="main.cpp">
      <Filter>Source Files</Filter>
    </ClCompile>
    <ClCompile Include="intproc.cpp">
      <Filter>Source Files</Filter>
    </ClCompile>
  </ItemGroup>
  <ItemGroup>
    <ClInclude Include="harness.h">
      <Filter>Source Files</Filter>
    </ClInclude>
    <ClInclude Include="intproc.h">
      <Filter>Source Files</Filter>
    </ClInclude>
  </ItemGroup>
  <ItemGroup>
    <Text Include="data\day1.txt">
      <Filter>Resource Files</Filter>
    </Text>
    <Text Include="data\day2.txt">
      <Filter>Resource Files</Filter>
    </Text>
    <Text Include="data\day3.txt">
      <Filter>Resource Files</Filter>
    </Text>
    <Text Include="data\day5.txt">
      <Filter>Resource Files</Filter>
    </Text>
    <Text Include="data\day6.txt">
      <Filter>Resource Files</Filter>
    </Text>
    <Text Include="data\day6t.txt">
      <Filter>Resource Files</Filter>
    </Text>
    <Text Include="data\day6t2.txt">
      <Filter>Resource Files</Filter>
    </Text>
    <Text Include="data\day7.txt">
      <Filter>Resource Files</Filter>
    </Text>
    <Text Include="data\day8.txt">
      <Filter>Resource Files</Filter>
    </Text>
    <Text Include="data\day9.txt">
      <Filter>Resource Files</Filter>
    </Text>
    <Text Include="data\day10.txt">
      <Filter>Resource Files</Filter>
    </Text>
    <Text Include="data\day10t.txt">
      <Filter>Resource Files</Filter>
    </Text>
    <Text Include="data\day10t2.txt">
      <Filter>Resource Files</Filter>
    </Text>
    <Text Include="data\day10t3.txt">
      <Filter>Resource Files</Filter>
    </Text>
    <Text Include="data\day10t4.txt">
      <Filter>Resource Files</Filter>
    </Text>
    <Text Include="data\day10t5.txt">
      <Filter>Resource Files</Filter>
    </Text>
    <Text Include="data\day10t_2.txt">
      <Filter>Resource Files</Filter>
    </Text>
    <Text Include="data\day11.txt">
      <Filter>Resource Files</Filter>
    </Text>
    <Text Include="data\day13.txt">
      <Filter>Resource Files</Filter>
    </Text>
  </ItemGroup>
  <ItemGroup>
    <None Include="..\README.md">
      <Filter>Resource Files</Filter>
    </None>
  </ItemGroup>
</Project>