<?xml version="1.0" encoding="utf-8"?>
<Project ToolsVersion="4.0" xmlns="http://schemas.microsoft.com/developer/msbuild/2003">
  <ItemGroup>
    <Filter Include="Source Files">
      <UniqueIdentifier>{4FC737F1-C7A5-4376-A066-2A32D752A2FF}</UniqueIdentifier>
      <Extensions>cpp;c;cc;cxx;def;odl;idl;hpj;bat;asm;asmx</Extensions>
    </Filter>
    <Filter Include="Resource Files">
      <UniqueIdentifier>{67DA6AB6-F800-4c08-8B7A-83BB121AAD01}</UniqueIdentifier>
      <Extensions>rc;ico;cur;bmp;dlg;rc2;rct;bin;rgs;gif;jpg;jpeg;jpe;resx;tiff;tif;png;wav;mfcribbon-ms</Extensions>
    </Filter>
    <Filter Include="DIsasm">
      <UniqueIdentifier>{8426edc5-e40d-4a49-bd25-779fa372b327}</UniqueIdentifier>
    </Filter>
    <Filter Include="Resource Files\10-19">
      <UniqueIdentifier>{63e0e352-4e4a-4c66-aca8-a4d33338ee7e}</UniqueIdentifier>
    </Filter>
    <Filter Include="Resource Files\01-09">
      <UniqueIdentifier>{b925e27f-494c-4e3b-96b2-81d5212168a8}</UniqueIdentifier>
    </Filter>
    <Filter Include="Source Files\days">
      <UniqueIdentifier>{72caafa4-f690-4192-a2a2-f59bd1b278c5}</UniqueIdentifier>
    </Filter>
  </ItemGroup>
  <ItemGroup>
    <ClCompile Include="harness.cpp">
      <Filter>Source Files</Filter>
    </ClCompile>
    <ClCompile Include="main.cpp">
      <Filter>Source Files</Filter>
    </ClCompile>
    <ClCompile Include="intproc.cpp">
      <Filter>Source Files</Filter>
    </ClCompile>
    <ClCompile Include="day1.cpp">
      <Filter>Source Files\days</Filter>
    </ClCompile>
    <ClCompile Include="day2.cpp">
      <Filter>Source Files\days</Filter>
    </ClCompile>
    <ClCompile Include="day3.cpp">
      <Filter>Source Files\days</Filter>
    </ClCompile>
    <ClCompile Include="day4.cpp">
      <Filter>Source Files\days</Filter>
    </ClCompile>
    <ClCompile Include="day6.cpp">
      <Filter>Source Files\days</Filter>
    </ClCompile>
    <ClCompile Include="day12.cpp">
      <Filter>Source Files\days</Filter>
    </ClCompile>
    <ClCompile Include="day15.cpp">
      <Filter>Source Files\days</Filter>
    </ClCompile>
    <ClCompile Include="day17.cpp">
      <Filter>Source Files\days</Filter>
    </ClCompile>
    <ClCompile Include="day18.cpp">
      <Filter>Source Files\days</Filter>
    </ClCompile>
    <ClCompile Include="day20.cpp">
      <Filter>Source Files\days</Filter>
    </ClCompile>
  </ItemGroup>
  <ItemGroup>
    <ClInclude Include="harness.h">
      <Filter>Source Files</Filter>
    </ClInclude>
    <ClInclude Include="intproc.h">
      <Filter>Source Files</Filter>
    </ClInclude>
    <ClInclude Include="util.h">
      <Filter>Source Files</Filter>
    </ClInclude>
  </ItemGroup>
  <ItemGroup>
    <Text Include="data\day1.txt">
      <Filter>Resource Files\01-09</Filter>
    </Text>
    <Text Include="data\day2.txt">
      <Filter>Resource Files\01-09</Filter>
    </Text>
    <Text Include="data\day3.txt">
      <Filter>Resource Files\01-09</Filter>
    </Text>
    <Text Include="data\day5.txt">
      <Filter>Resource Files\01-09</Filter>
    </Text>
    <Text Include="data\day6.txt">
      <Filter>Resource Files\01-09</Filter>
    </Text>
    <Text Include="data\day6t.txt">
      <Filter>Resource Files\01-09</Filter>
    </Text>
    <Text Include="data\day6t2.txt">
      <Filter>Resource Files\01-09</Filter>
    </Text>
    <Text Include="data\day7.txt">
      <Filter>Resource Files\01-09</Filter>
    </Text>
    <Text Include="data\day8.txt">
      <Filter>Resource Files\01-09</Filter>
    </Text>
    <Text Include="data\day9.txt">
      <Filter>Resource Files\01-09</Filter>
    </Text>
    <Text Include="data\day10t5.txt">
      <Filter>Resource Files\10-19</Filter>
    </Text>
    <Text Include="data\day10.txt">
      <Filter>Resource Files\10-19</Filter>
    </Text>
    <Text Include="data\day10t.txt">
      <Filter>Resource Files\10-19</Filter>
    </Text>
    <Text Include="data\day10t_2.txt">
      <Filter>Resource Files\10-19</Filter>
    </Text>
    <Text Include="data\day10t2.txt">
      <Filter>Resource Files\10-19</Filter>
    </Text>
    <Text Include="data\day10t3.txt">
      <Filter>Resource Files\10-19</Filter>
    </Text>
    <Text Include="data\day10t4.txt">
      <Filter>Resource Files\10-19</Filter>
    </Text>
    <Text Include="data\day11.txt">
      <Filter>Resource Files\10-19</Filter>
    </Text>
    <Text Include="data\day13.txt">
      <Filter>Resource Files\10-19</Filter>
    </Text>
    <Text Include="data\day14.txt">
      <Filter>Resource Files\10-19</Filter>
    </Text>
    <Text Include="data\day14t.txt">
      <Filter>Resource Files\10-19</Filter>
    </Text>
    <Text Include="data\day14t2.txt">
      <Filter>Resource Files\10-19</Filter>
    </Text>
    <Text Include="data\day14t3.txt">
      <Filter>Resource Files\10-19</Filter>
    </Text>
    <Text Include="data\day15.txt">
      <Filter>Resource Files\10-19</Filter>
    </Text>
    <Text Include="data\day16.txt">
      <Filter>Resource Files\10-19</Filter>
    </Text>
    <Text Include="data\day17.txt">
      <Filter>Resource Files\10-19</Filter>
    </Text>
    <Text Include="data\day17_map.txt">
      <Filter>Resource Files\10-19</Filter>
    </Text>
    <Text Include="data\day17_video.txt">
      <Filter>Resource Files\10-19</Filter>
    </Text>
    <Text Include="data\day17t.txt">
      <Filter>Resource Files\10-19</Filter>
    </Text>
    <Text Include="data\day18.txt">
      <Filter>Resource Files\10-19</Filter>
    </Text>
    <Text Include="data\day18t.txt">
      <Filter>Resource Files\10-19</Filter>
    </Text>
    <Text Include="data\day18t2.txt">
      <Filter>Resource Files\10-19</Filter>
    </Text>
    <Text Include="data\day18t3.txt">
      <Filter>Resource Files\10-19</Filter>
    </Text>
    <Text Include="data\day18t4.txt">
      <Filter>Resource Files\10-19</Filter>
    </Text>
    <Text Include="data\day19.txt">
      <Filter>Resource Files\10-19</Filter>
    </Text>
    <Text Include="data\day20.txt">
      <Filter>Resource Files</Filter>
    </Text>
    <Text Include="data\day20t.txt">
      <Filter>Resource Files</Filter>
    </Text>
    <Text Include="data\day20t2.txt">
      <Filter>Resource Files</Filter>
    </Text>
    <Text Include="data\day20t3.txt">
      <Filter>Resource Files</Filter>
    </Text>
    <Text Include="data\day21.txt">
      <Filter>Resource Files</Filter>
    </Text>
  </ItemGroup>
  <ItemGroup>
    <None Include="..\README.md">
      <Filter>Resource Files</Filter>
    </None>
    <None Include="data\day15.s">
      <Filter>DIsasm</Filter>
    </None>
    <None Include="data\day17.s">
      <Filter>DIsasm</Filter>
    </None>
    <None Include="data\day19.s">
      <Filter>DIsasm</Filter>
    </None>
    <None Include="data\day21.s">
      <Filter>DIsasm</Filter>
    </None>
  </ItemGroup>
</Project>